
Microsoft Visual Studio Solution File, Format Version 12.00
# Visual Studio 15
VisualStudioVersion = 15.0.28307.779
MinimumVisualStudioVersion = 10.0.40219.1
Project("{FAE04EC0-301F-11D3-BF4B-00C04F79EFBC}") = "AlgorithmsAndDataStructuresLibrary", "AlgorithmsAndDataStructuresLibrary\AlgorithmsAndDataStructuresLibrary.csproj", "{97D1DCE4-CD70-4AA0-9B69-DA3DF5F99533}"
EndProject
Global
	GlobalSection(SolutionConfigurationPlatforms) = preSolution
		Debug|Any CPU = Debug|Any CPU
		Release|Any CPU = Release|Any CPU
	EndGlobalSection
	GlobalSection(ProjectConfigurationPlatforms) = postSolution
		{97D1DCE4-CD70-4AA0-9B69-DA3DF5F99533}.Debug|Any CPU.ActiveCfg = Debug|Any CPU
		{97D1DCE4-CD70-4AA0-9B69-DA3DF5F99533}.Debug|Any CPU.Build.0 = Debug|Any CPU
		{97D1DCE4-CD70-4AA0-9B69-DA3DF5F99533}.Release|Any CPU.ActiveCfg = Release|Any CPU
		{97D1DCE4-CD70-4AA0-9B69-DA3DF5F99533}.Release|Any CPU.Build.0 = Release|Any CPU
	EndGlobalSection
	GlobalSection(SolutionProperties) = preSolution
		HideSolutionNode = FALSE
	EndGlobalSection
	GlobalSection(ExtensibilityGlobals) = postSolution
		SolutionGuid = {E828FE4B-6876-4C83-8BAF-A186C48A5D84}
	EndGlobalSection
EndGlobal
